
Microsoft Visual Studio Solution File, Format Version 12.00
# Visual Studio 15
VisualStudioVersion = 15.0.28010.2046
MinimumVisualStudioVersion = 10.0.40219.1
Project("{9A19103F-16F7-4668-BE54-9A1E7A4F7556}") = "HttpFunction", "HttpFunction\HttpFunction.csproj", "{AC687306-A9A3-4E48-BA72-C8AD8B79EF63}"
EndProject
Project("{9A19103F-16F7-4668-BE54-9A1E7A4F7556}") = "Docker", "..\Docker\Docker.csproj", "{10F25B38-CC4E-491F-BCB6-8B85D0C0EECE}"
EndProject
Project("{9A19103F-16F7-4668-BE54-9A1E7A4F7556}") = "QueueFunction", "QueueFunction\QueueFunction.csproj", "{4DD343B4-C9EC-4AB8-AA68-E685972F9FD5}"
EndProject
Project("{9A19103F-16F7-4668-BE54-9A1E7A4F7556}") = "WebJobs.Extension.File", "WebJobs.Extension.File\WebJobs.Extension.File.csproj", "{EBA87FC8-2C23-40C1-8162-C62B4EE329C5}"
EndProject
Global
	GlobalSection(SolutionConfigurationPlatforms) = preSolution
		Debug|Any CPU = Debug|Any CPU
		Release|Any CPU = Release|Any CPU
	EndGlobalSection
	GlobalSection(ProjectConfigurationPlatforms) = postSolution
		{AC687306-A9A3-4E48-BA72-C8AD8B79EF63}.Debug|Any CPU.ActiveCfg = Debug|Any CPU
		{AC687306-A9A3-4E48-BA72-C8AD8B79EF63}.Debug|Any CPU.Build.0 = Debug|Any CPU
		{AC687306-A9A3-4E48-BA72-C8AD8B79EF63}.Release|Any CPU.ActiveCfg = Release|Any CPU
		{AC687306-A9A3-4E48-BA72-C8AD8B79EF63}.Release|Any CPU.Build.0 = Release|Any CPU
		{10F25B38-CC4E-491F-BCB6-8B85D0C0EECE}.Debug|Any CPU.ActiveCfg = Debug|Any CPU
		{10F25B38-CC4E-491F-BCB6-8B85D0C0EECE}.Debug|Any CPU.Build.0 = Debug|Any CPU
		{10F25B38-CC4E-491F-BCB6-8B85D0C0EECE}.Release|Any CPU.ActiveCfg = Release|Any CPU
		{10F25B38-CC4E-491F-BCB6-8B85D0C0EECE}.Release|Any CPU.Build.0 = Release|Any CPU
		{4DD343B4-C9EC-4AB8-AA68-E685972F9FD5}.Debug|Any CPU.ActiveCfg = Debug|Any CPU
		{4DD343B4-C9EC-4AB8-AA68-E685972F9FD5}.Debug|Any CPU.Build.0 = Debug|Any CPU
		{4DD343B4-C9EC-4AB8-AA68-E685972F9FD5}.Release|Any CPU.ActiveCfg = Release|Any CPU
		{4DD343B4-C9EC-4AB8-AA68-E685972F9FD5}.Release|Any CPU.Build.0 = Release|Any CPU
		{EBA87FC8-2C23-40C1-8162-C62B4EE329C5}.Debug|Any CPU.ActiveCfg = Debug|Any CPU
		{EBA87FC8-2C23-40C1-8162-C62B4EE329C5}.Debug|Any CPU.Build.0 = Debug|Any CPU
		{EBA87FC8-2C23-40C1-8162-C62B4EE329C5}.Release|Any CPU.ActiveCfg = Release|Any CPU
		{EBA87FC8-2C23-40C1-8162-C62B4EE329C5}.Release|Any CPU.Build.0 = Release|Any CPU
	EndGlobalSection
	GlobalSection(SolutionProperties) = preSolution
		HideSolutionNode = FALSE
	EndGlobalSection
	GlobalSection(ExtensibilityGlobals) = postSolution
		SolutionGuid = {82CE8B74-DE9B-47B6-B9AD-CB3425234393}
	EndGlobalSection
EndGlobal
